
Microsoft Visual Studio Solution File, Format Version 12.00
# Visual Studio Version 16
VisualStudioVersion = 16.0.29709.97
MinimumVisualStudioVersion = 10.0.40219.1
Project("{FAE04EC0-301F-11D3-BF4B-00C04F79EFBC}") = "ECOVAX", "ECOVAX\ECOVAX.csproj", "{90ED347B-FE04-49CE-A25D-FF2C199D48D9}"
EndProject
Global
	GlobalSection(SolutionConfigurationPlatforms) = preSolution
		Debug|Any CPU = Debug|Any CPU
		Release|Any CPU = Release|Any CPU
	EndGlobalSection
	GlobalSection(ProjectConfigurationPlatforms) = postSolution
		{90ED347B-FE04-49CE-A25D-FF2C199D48D9}.Debug|Any CPU.ActiveCfg = Debug|Any CPU
		{90ED347B-FE04-49CE-A25D-FF2C199D48D9}.Debug|Any CPU.Build.0 = Debug|Any CPU
		{90ED347B-FE04-49CE-A25D-FF2C199D48D9}.Release|Any CPU.ActiveCfg = Release|Any CPU
		{90ED347B-FE04-49CE-A25D-FF2C199D48D9}.Release|Any CPU.Build.0 = Release|Any CPU
	EndGlobalSection
	GlobalSection(SolutionProperties) = preSolution
		HideSolutionNode = FALSE
	EndGlobalSection
	GlobalSection(ExtensibilityGlobals) = postSolution
		SolutionGuid = {DD8618D7-26DA-4E9A-B91A-FE26AC0B7FDF}
	EndGlobalSection
EndGlobal
